// !$*UTF8*$!
{
	archiveVersion = 1;
	classes = {
	};
	objectVersion = 56;
	objects = {

/* Begin PBXBuildFile section */
		0603BD712A71191B00347DB2 /* VGSShowSDK in Frameworks */ = {isa = PBXBuildFile; productRef = 0603BD702A71191B00347DB2 /* VGSShowSDK */; };
		06D40BF82A625F5400EADB75 /* LoadingMix.json in Resources */ = {isa = PBXBuildFile; fileRef = 06D40BF72A625F5400EADB75 /* LoadingMix.json */; };
		06D40BFC2A6260B300EADB75 /* LoadingContrast.json in Resources */ = {isa = PBXBuildFile; fileRef = 06D40BFB2A6260B300EADB75 /* LoadingContrast.json */; };
		06D40C012A62AE3700EADB75 /* iPhoneNumberField in Frameworks */ = {isa = PBXBuildFile; productRef = 06D40C002A62AE3700EADB75 /* iPhoneNumberField */; };
		06D40C032A63DEB300EADB75 /* LoadingPrimary.json in Resources */ = {isa = PBXBuildFile; fileRef = 06D40C022A63DEB300EADB75 /* LoadingPrimary.json */; };
		06EBE2012A69390700157B32 /* DashboardContainer+Injection.swift in Sources */ = {isa = PBXBuildFile; fileRef = 06EBE2002A69390700157B32 /* DashboardContainer+Injection.swift */; };
		06EBE2032A693C7800157B32 /* LFDashboard in Frameworks */ = {isa = PBXBuildFile; productRef = 06EBE2022A693C7800157B32 /* LFDashboard */; };
		06EBE2052A693C8100157B32 /* LFDashboard in Frameworks */ = {isa = PBXBuildFile; productRef = 06EBE2042A693C8100157B32 /* LFDashboard */; };
		749091172A6584C300071B41 /* SmartyStreets in Frameworks */ = {isa = PBXBuildFile; productRef = 749091162A6584C300071B41 /* SmartyStreets */; };
		A938373C2A63BAAC009EB1DE /* LFUtilities in Frameworks */ = {isa = PBXBuildFile; productRef = A938373B2A63BAAC009EB1DE /* LFUtilities */; };
		A938373E2A63BB20009EB1DE /* LaunchScreen.storyboard in Resources */ = {isa = PBXBuildFile; fileRef = A938373D2A63BB20009EB1DE /* LaunchScreen.storyboard */; };
		A93837442A63D7AD009EB1DE /* Images.xcassets in Resources */ = {isa = PBXBuildFile; fileRef = A93837432A63D7AD009EB1DE /* Images.xcassets */; };
		A93837452A63D7AF009EB1DE /* Images.xcassets in Resources */ = {isa = PBXBuildFile; fileRef = A93837432A63D7AD009EB1DE /* Images.xcassets */; };
		A93837472A63DDFD009EB1DE /* AppDelegate+Extensions.swift in Sources */ = {isa = PBXBuildFile; fileRef = A93837462A63DDFD009EB1DE /* AppDelegate+Extensions.swift */; };
		A93837482A63DDFF009EB1DE /* AppDelegate+Extensions.swift in Sources */ = {isa = PBXBuildFile; fileRef = A93837462A63DDFD009EB1DE /* AppDelegate+Extensions.swift */; };
		A94F71EE2A610E65002ADB34 /* LFAccountOnboarding in Frameworks */ = {isa = PBXBuildFile; productRef = A94F71ED2A610E65002ADB34 /* LFAccountOnboarding */; };
		A94F71F02A610E9F002ADB34 /* CardanoAccountOnboarding in Frameworks */ = {isa = PBXBuildFile; productRef = A94F71EF2A610E9F002ADB34 /* CardanoAccountOnboarding */; };
		A94F71F22A612C62002ADB34 /* AvalancheAccountOnboarding in Frameworks */ = {isa = PBXBuildFile; productRef = A94F71F12A612C62002ADB34 /* AvalancheAccountOnboarding */; };
		A94F71F52A61CAC6002ADB34 /* LFLocalizable in Frameworks */ = {isa = PBXBuildFile; productRef = A94F71F42A61CAC6002ADB34 /* LFLocalizable */; };
		A94F71F72A61CACF002ADB34 /* LFLocalizable in Frameworks */ = {isa = PBXBuildFile; productRef = A94F71F62A61CACF002ADB34 /* LFLocalizable */; };
		A94F71FF2A6266D0002ADB34 /* AuthorizationManager in Frameworks */ = {isa = PBXBuildFile; productRef = A94F71FE2A6266D0002ADB34 /* AuthorizationManager */; };
		A953545D2A5DD7F4008B0FAB /* LFStyleGuide in Frameworks */ = {isa = PBXBuildFile; productRef = A953545C2A5DD7F4008B0FAB /* LFStyleGuide */; };
		A95354852A5E55B2008B0FAB /* AppDelegate.swift in Sources */ = {isa = PBXBuildFile; fileRef = A97BF8192A5D9E6B00B8F5CA /* AppDelegate.swift */; };
		A953548C2A5E55B2008B0FAB /* Factory in Frameworks */ = {isa = PBXBuildFile; productRef = A953547D2A5E55B2008B0FAB /* Factory */; };
		A953548D2A5E55B2008B0FAB /* LFStyleGuide in Frameworks */ = {isa = PBXBuildFile; productRef = A95354832A5E55B2008B0FAB /* LFStyleGuide */; };
		A953548E2A5E55B2008B0FAB /* Lottie in Frameworks */ = {isa = PBXBuildFile; productRef = A953547F2A5E55B2008B0FAB /* Lottie */; };
		A95354AB2A5E571D008B0FAB /* Colors.xcassets in Resources */ = {isa = PBXBuildFile; fileRef = A95354A22A5E571D008B0FAB /* Colors.xcassets */; };
		A95354AC2A5E571D008B0FAB /* Images.xcassets in Resources */ = {isa = PBXBuildFile; fileRef = A95354A32A5E571D008B0FAB /* Images.xcassets */; };
		A95354AD2A5E571D008B0FAB /* AppView.swift in Sources */ = {isa = PBXBuildFile; fileRef = A95354A52A5E571D008B0FAB /* AppView.swift */; };
		A95354AE2A5E571D008B0FAB /* CardanoApp.swift in Sources */ = {isa = PBXBuildFile; fileRef = A95354A62A5E571D008B0FAB /* CardanoApp.swift */; };
		A963D3FB2A67081D006B9A54 /* NetSpendData in Frameworks */ = {isa = PBXBuildFile; productRef = A963D3FA2A67081D006B9A54 /* NetSpendData */; };
		A963D4092A67F491006B9A54 /* AppCoordinator.swift in Sources */ = {isa = PBXBuildFile; fileRef = A963D4082A67F491006B9A54 /* AppCoordinator.swift */; };
		A963D40B2A67F7FD006B9A54 /* AppViewModel.swift in Sources */ = {isa = PBXBuildFile; fileRef = A963D40A2A67F7FD006B9A54 /* AppViewModel.swift */; };
		A97BF7C22A5C602D00B8F5CA /* AppView.swift in Sources */ = {isa = PBXBuildFile; fileRef = A97BF7C12A5C602D00B8F5CA /* AppView.swift */; };
		A97BF7D12A5C602F00B8F5CA /* LiquidityFinancialTests.swift in Sources */ = {isa = PBXBuildFile; fileRef = A97BF7D02A5C602F00B8F5CA /* LiquidityFinancialTests.swift */; };
		A97BF7DB2A5C602F00B8F5CA /* LiquidityFinancialUITests.swift in Sources */ = {isa = PBXBuildFile; fileRef = A97BF7DA2A5C602F00B8F5CA /* LiquidityFinancialUITests.swift */; };
		A97BF7DD2A5C602F00B8F5CA /* LiquidityFinancialUITestsLaunchTests.swift in Sources */ = {isa = PBXBuildFile; fileRef = A97BF7DC2A5C602F00B8F5CA /* LiquidityFinancialUITestsLaunchTests.swift */; };
		A97BF7EB2A5D70C500B8F5CA /* Factory in Frameworks */ = {isa = PBXBuildFile; productRef = A97BF7EA2A5D70C500B8F5CA /* Factory */; };
		A97BF7EE2A5D719000B8F5CA /* Lottie in Frameworks */ = {isa = PBXBuildFile; productRef = A97BF7ED2A5D719000B8F5CA /* Lottie */; };
		A97BF8182A5D9DE200B8F5CA /* AvalancheApp.swift in Sources */ = {isa = PBXBuildFile; fileRef = A97BF8172A5D9DE200B8F5CA /* AvalancheApp.swift */; };
		A97BF81A2A5D9E6B00B8F5CA /* AppDelegate.swift in Sources */ = {isa = PBXBuildFile; fileRef = A97BF8192A5D9E6B00B8F5CA /* AppDelegate.swift */; };
		A97BF83E2A5DBCF200B8F5CA /* Images.xcassets in Resources */ = {isa = PBXBuildFile; fileRef = A97BF83D2A5DBCF200B8F5CA /* Images.xcassets */; };
		A97BF8402A5DC13000B8F5CA /* Colors.xcassets in Resources */ = {isa = PBXBuildFile; fileRef = A97BF83F2A5DC13000B8F5CA /* Colors.xcassets */; };
		A980DF6B2A5FA23D000B3C09 /* LFAccountOnboarding in Frameworks */ = {isa = PBXBuildFile; productRef = A980DF6A2A5FA23D000B3C09 /* LFAccountOnboarding */; };
		A980DF6D2A5FA249000B3C09 /* OnboardingDomain in Frameworks */ = {isa = PBXBuildFile; productRef = A980DF6C2A5FA249000B3C09 /* OnboardingDomain */; };
		A980DF6F2A5FA252000B3C09 /* DataUtilities in Frameworks */ = {isa = PBXBuildFile; productRef = A980DF6E2A5FA252000B3C09 /* DataUtilities */; };
		A980DF712A5FA252000B3C09 /* OnboardingData in Frameworks */ = {isa = PBXBuildFile; productRef = A980DF702A5FA252000B3C09 /* OnboardingData */; };
		A980DF732A5FA25A000B3C09 /* LFNetwork in Frameworks */ = {isa = PBXBuildFile; productRef = A980DF722A5FA25A000B3C09 /* LFNetwork */; };
		A980DF752A5FA265000B3C09 /* LFServices in Frameworks */ = {isa = PBXBuildFile; productRef = A980DF742A5FA265000B3C09 /* LFServices */; };
		A980DF772A5FA26E000B3C09 /* LFUtilities in Frameworks */ = {isa = PBXBuildFile; productRef = A980DF762A5FA26E000B3C09 /* LFUtilities */; };
		A9B912D12A6B86A800ABD87B /* LoadingPrimary.json in Resources */ = {isa = PBXBuildFile; fileRef = A9B912CE2A6B86A800ABD87B /* LoadingPrimary.json */; };
		A9B912D22A6B86A800ABD87B /* LoadingContrast.json in Resources */ = {isa = PBXBuildFile; fileRef = A9B912CF2A6B86A800ABD87B /* LoadingContrast.json */; };
		A9B912D32A6B86A800ABD87B /* LoadingMix.json in Resources */ = {isa = PBXBuildFile; fileRef = A9B912D02A6B86A800ABD87B /* LoadingMix.json */; };
		A9B912D82A6B86ED00ABD87B /* AppViewModel.swift in Sources */ = {isa = PBXBuildFile; fileRef = A9B912D72A6B86ED00ABD87B /* AppViewModel.swift */; };
		A9B912DC2A6B871300ABD87B /* DashboardContainer+Injection.swift in Sources */ = {isa = PBXBuildFile; fileRef = A9B912DB2A6B871300ABD87B /* DashboardContainer+Injection.swift */; };
		A9B912DE2A6B876300ABD87B /* AuthorizationManager in Frameworks */ = {isa = PBXBuildFile; productRef = A9B912DD2A6B876300ABD87B /* AuthorizationManager */; };
		A9B912E02A6B876300ABD87B /* NetSpendData in Frameworks */ = {isa = PBXBuildFile; productRef = A9B912DF2A6B876300ABD87B /* NetSpendData */; };
		A9B912E22A6B876300ABD87B /* OnboardingData in Frameworks */ = {isa = PBXBuildFile; productRef = A9B912E12A6B876300ABD87B /* OnboardingData */; };
		A9B912E42A6B876300ABD87B /* OnboardingDomain in Frameworks */ = {isa = PBXBuildFile; productRef = A9B912E32A6B876300ABD87B /* OnboardingDomain */; };
		A9B912E62A6B876300ABD87B /* LFNetwork in Frameworks */ = {isa = PBXBuildFile; productRef = A9B912E52A6B876300ABD87B /* LFNetwork */; };
		A9B912E82A6B876300ABD87B /* LFServices in Frameworks */ = {isa = PBXBuildFile; productRef = A9B912E72A6B876300ABD87B /* LFServices */; };
		A9B912EA2A6B881100ABD87B /* DataUtilities in Frameworks */ = {isa = PBXBuildFile; productRef = A9B912E92A6B881100ABD87B /* DataUtilities */; };
		A9B912EC2A6B881100ABD87B /* iPhoneNumberField in Frameworks */ = {isa = PBXBuildFile; productRef = A9B912EB2A6B881100ABD87B /* iPhoneNumberField */; };
		A9B912EE2A6B881100ABD87B /* SmartyStreets in Frameworks */ = {isa = PBXBuildFile; productRef = A9B912ED2A6B881100ABD87B /* SmartyStreets */; };
		A9B912F02A6B891000ABD87B /* AppCoordinator.swift in Sources */ = {isa = PBXBuildFile; fileRef = A9B912EF2A6B891000ABD87B /* AppCoordinator.swift */; };
		A9B912F32A6B898C00ABD87B /* OnboardingContainer+Injection.swift in Sources */ = {isa = PBXBuildFile; fileRef = A9B912F22A6B898C00ABD87B /* OnboardingContainer+Injection.swift */; };
		A9B912F42A6B898C00ABD87B /* OnboardingContainer+Injection.swift in Sources */ = {isa = PBXBuildFile; fileRef = A9B912F22A6B898C00ABD87B /* OnboardingContainer+Injection.swift */; };
		A9D6C4A52A5E5FE00038D0BB /* Localizable.strings in Resources */ = {isa = PBXBuildFile; fileRef = A9D6C4A72A5E5FE00038D0BB /* Localizable.strings */; };
		A9D6C4AA2A5E60850038D0BB /* Localizable.strings in Resources */ = {isa = PBXBuildFile; fileRef = A9D6C4AC2A5E60850038D0BB /* Localizable.strings */; };
		A9D6C4B22A5E91DF0038D0BB /* LaunchScreen.storyboard in Resources */ = {isa = PBXBuildFile; fileRef = A9D6C4B12A5E91DF0038D0BB /* LaunchScreen.storyboard */; };
/* End PBXBuildFile section */

/* Begin PBXContainerItemProxy section */
		A97BF7CD2A5C602F00B8F5CA /* PBXContainerItemProxy */ = {
			isa = PBXContainerItemProxy;
			containerPortal = A97BF7B42A5C602D00B8F5CA /* Project object */;
			proxyType = 1;
			remoteGlobalIDString = A97BF7BB2A5C602D00B8F5CA;
			remoteInfo = LiquidityFinancial;
		};
		A97BF7D72A5C602F00B8F5CA /* PBXContainerItemProxy */ = {
			isa = PBXContainerItemProxy;
			containerPortal = A97BF7B42A5C602D00B8F5CA /* Project object */;
			proxyType = 1;
			remoteGlobalIDString = A97BF7BB2A5C602D00B8F5CA;
			remoteInfo = LiquidityFinancial;
		};
/* End PBXContainerItemProxy section */

/* Begin PBXFileReference section */
		06CFE6B72A7263B400B494A2 /* LFCard */ = {isa = PBXFileReference; lastKnownFileType = wrapper; name = LFCard; path = Modules/LFCard; sourceTree = "<group>"; };
		06D40BF72A625F5400EADB75 /* LoadingMix.json */ = {isa = PBXFileReference; fileEncoding = 4; lastKnownFileType = text.json; path = LoadingMix.json; sourceTree = "<group>"; };
		06D40BFB2A6260B300EADB75 /* LoadingContrast.json */ = {isa = PBXFileReference; fileEncoding = 4; lastKnownFileType = text.json; path = LoadingContrast.json; sourceTree = "<group>"; };
		06D40C022A63DEB300EADB75 /* LoadingPrimary.json */ = {isa = PBXFileReference; fileEncoding = 4; lastKnownFileType = text.json; path = LoadingPrimary.json; sourceTree = "<group>"; };
		06EBE1FF2A6924E900157B32 /* LFDashboard */ = {isa = PBXFileReference; lastKnownFileType = wrapper; name = LFDashboard; path = Modules/LFDashboard; sourceTree = "<group>"; };
		06EBE2002A69390700157B32 /* DashboardContainer+Injection.swift */ = {isa = PBXFileReference; lastKnownFileType = sourcecode.swift; path = "DashboardContainer+Injection.swift"; sourceTree = "<group>"; };
		A938373D2A63BB20009EB1DE /* LaunchScreen.storyboard */ = {isa = PBXFileReference; fileEncoding = 4; lastKnownFileType = file.storyboard; path = LaunchScreen.storyboard; sourceTree = "<group>"; };
		A93837432A63D7AD009EB1DE /* Images.xcassets */ = {isa = PBXFileReference; lastKnownFileType = folder.assetcatalog; path = Images.xcassets; sourceTree = "<group>"; };
		A93837462A63DDFD009EB1DE /* AppDelegate+Extensions.swift */ = {isa = PBXFileReference; lastKnownFileType = sourcecode.swift; path = "AppDelegate+Extensions.swift"; sourceTree = "<group>"; };
		A94F71F32A614E04002ADB34 /* LFLocalizable */ = {isa = PBXFileReference; lastKnownFileType = wrapper; name = LFLocalizable; path = Modules/LFLocalizable; sourceTree = "<group>"; };
		A95354972A5E55B2008B0FAB /* Cardano.app */ = {isa = PBXFileReference; explicitFileType = wrapper.application; includeInIndex = 0; path = Cardano.app; sourceTree = BUILT_PRODUCTS_DIR; };
		A953549B2A5E571D008B0FAB /* CardanoConfig.xcconfig */ = {isa = PBXFileReference; fileEncoding = 4; lastKnownFileType = text.xcconfig; path = CardanoConfig.xcconfig; sourceTree = "<group>"; };
		A95354A02A5E571D008B0FAB /* Cardano-Info.plist */ = {isa = PBXFileReference; fileEncoding = 4; lastKnownFileType = text.plist.xml; path = "Cardano-Info.plist"; sourceTree = "<group>"; };
		A95354A22A5E571D008B0FAB /* Colors.xcassets */ = {isa = PBXFileReference; lastKnownFileType = folder.assetcatalog; path = Colors.xcassets; sourceTree = "<group>"; };
		A95354A32A5E571D008B0FAB /* Images.xcassets */ = {isa = PBXFileReference; lastKnownFileType = folder.assetcatalog; path = Images.xcassets; sourceTree = "<group>"; };
		A95354A52A5E571D008B0FAB /* AppView.swift */ = {isa = PBXFileReference; fileEncoding = 4; lastKnownFileType = sourcecode.swift; path = AppView.swift; sourceTree = "<group>"; };
		A95354A62A5E571D008B0FAB /* CardanoApp.swift */ = {isa = PBXFileReference; fileEncoding = 4; lastKnownFileType = sourcecode.swift; path = CardanoApp.swift; sourceTree = "<group>"; };
		A95D418F2A6E31C60095596B /* Avalanche.entitlements */ = {isa = PBXFileReference; lastKnownFileType = text.plist.entitlements; path = Avalanche.entitlements; sourceTree = "<group>"; };
		A95D41902A6E35750095596B /* Cardano.entitlements */ = {isa = PBXFileReference; lastKnownFileType = text.plist.entitlements; path = Cardano.entitlements; sourceTree = "<group>"; };
		A963D4082A67F491006B9A54 /* AppCoordinator.swift */ = {isa = PBXFileReference; lastKnownFileType = sourcecode.swift; path = AppCoordinator.swift; sourceTree = "<group>"; };
		A963D40A2A67F7FD006B9A54 /* AppViewModel.swift */ = {isa = PBXFileReference; lastKnownFileType = sourcecode.swift; path = AppViewModel.swift; sourceTree = "<group>"; };
		A97BF7BC2A5C602D00B8F5CA /* Avalanche.app */ = {isa = PBXFileReference; explicitFileType = wrapper.application; includeInIndex = 0; path = Avalanche.app; sourceTree = BUILT_PRODUCTS_DIR; };
		A97BF7C12A5C602D00B8F5CA /* AppView.swift */ = {isa = PBXFileReference; lastKnownFileType = sourcecode.swift; path = AppView.swift; sourceTree = "<group>"; };
		A97BF7CC2A5C602F00B8F5CA /* LiquidityFinancialTests.xctest */ = {isa = PBXFileReference; explicitFileType = wrapper.cfbundle; includeInIndex = 0; path = LiquidityFinancialTests.xctest; sourceTree = BUILT_PRODUCTS_DIR; };
		A97BF7D02A5C602F00B8F5CA /* LiquidityFinancialTests.swift */ = {isa = PBXFileReference; lastKnownFileType = sourcecode.swift; path = LiquidityFinancialTests.swift; sourceTree = "<group>"; };
		A97BF7D62A5C602F00B8F5CA /* LiquidityFinancialUITests.xctest */ = {isa = PBXFileReference; explicitFileType = wrapper.cfbundle; includeInIndex = 0; path = LiquidityFinancialUITests.xctest; sourceTree = BUILT_PRODUCTS_DIR; };
		A97BF7DA2A5C602F00B8F5CA /* LiquidityFinancialUITests.swift */ = {isa = PBXFileReference; lastKnownFileType = sourcecode.swift; path = LiquidityFinancialUITests.swift; sourceTree = "<group>"; };
		A97BF7DC2A5C602F00B8F5CA /* LiquidityFinancialUITestsLaunchTests.swift */ = {isa = PBXFileReference; lastKnownFileType = sourcecode.swift; path = LiquidityFinancialUITestsLaunchTests.swift; sourceTree = "<group>"; };
		A97BF8072A5D975900B8F5CA /* LFAccountOnboarding */ = {isa = PBXFileReference; lastKnownFileType = wrapper; name = LFAccountOnboarding; path = Modules/LFAccountOnboarding; sourceTree = "<group>"; };
		A97BF80E2A5D982500B8F5CA /* LFStyleGuide */ = {isa = PBXFileReference; lastKnownFileType = wrapper; name = LFStyleGuide; path = Modules/LFStyleGuide; sourceTree = "<group>"; };
		A97BF8132A5D9CC300B8F5CA /* LFUtilities */ = {isa = PBXFileReference; lastKnownFileType = wrapper; name = LFUtilities; path = Modules/LFUtilities; sourceTree = "<group>"; };
		A97BF8172A5D9DE200B8F5CA /* AvalancheApp.swift */ = {isa = PBXFileReference; lastKnownFileType = sourcecode.swift; path = AvalancheApp.swift; sourceTree = "<group>"; };
		A97BF8192A5D9E6B00B8F5CA /* AppDelegate.swift */ = {isa = PBXFileReference; lastKnownFileType = sourcecode.swift; path = AppDelegate.swift; sourceTree = "<group>"; };
		A97BF8392A5DA4DA00B8F5CA /* Avalanche-Info.plist */ = {isa = PBXFileReference; lastKnownFileType = text.plist.xml; path = "Avalanche-Info.plist"; sourceTree = "<group>"; };
		A97BF83A2A5DA86000B8F5CA /* AvalancheConfig.xcconfig */ = {isa = PBXFileReference; lastKnownFileType = text.xcconfig; path = AvalancheConfig.xcconfig; sourceTree = "<group>"; };
		A97BF83C2A5DA8A900B8F5CA /* LiquidityFinancialConfig.xcconfig */ = {isa = PBXFileReference; lastKnownFileType = text.xcconfig; path = LiquidityFinancialConfig.xcconfig; sourceTree = "<group>"; };
		A97BF83D2A5DBCF200B8F5CA /* Images.xcassets */ = {isa = PBXFileReference; lastKnownFileType = folder.assetcatalog; path = Images.xcassets; sourceTree = "<group>"; };
		A97BF83F2A5DC13000B8F5CA /* Colors.xcassets */ = {isa = PBXFileReference; lastKnownFileType = folder.assetcatalog; path = Colors.xcassets; sourceTree = "<group>"; };
		A9B912CE2A6B86A800ABD87B /* LoadingPrimary.json */ = {isa = PBXFileReference; fileEncoding = 4; lastKnownFileType = text.json; path = LoadingPrimary.json; sourceTree = "<group>"; };
		A9B912CF2A6B86A800ABD87B /* LoadingContrast.json */ = {isa = PBXFileReference; fileEncoding = 4; lastKnownFileType = text.json; path = LoadingContrast.json; sourceTree = "<group>"; };
		A9B912D02A6B86A800ABD87B /* LoadingMix.json */ = {isa = PBXFileReference; fileEncoding = 4; lastKnownFileType = text.json; path = LoadingMix.json; sourceTree = "<group>"; };
		A9B912D72A6B86ED00ABD87B /* AppViewModel.swift */ = {isa = PBXFileReference; lastKnownFileType = sourcecode.swift; path = AppViewModel.swift; sourceTree = "<group>"; };
		A9B912DB2A6B871300ABD87B /* DashboardContainer+Injection.swift */ = {isa = PBXFileReference; lastKnownFileType = sourcecode.swift; path = "DashboardContainer+Injection.swift"; sourceTree = "<group>"; };
		A9B912EF2A6B891000ABD87B /* AppCoordinator.swift */ = {isa = PBXFileReference; lastKnownFileType = sourcecode.swift; path = AppCoordinator.swift; sourceTree = "<group>"; };
		A9B912F22A6B898C00ABD87B /* OnboardingContainer+Injection.swift */ = {isa = PBXFileReference; lastKnownFileType = sourcecode.swift; path = "OnboardingContainer+Injection.swift"; sourceTree = "<group>"; };
		A9D6C4A62A5E5FE00038D0BB /* en */ = {isa = PBXFileReference; lastKnownFileType = text.plist.strings; name = en; path = en.lproj/Localizable.strings; sourceTree = "<group>"; };
		A9D6C4AB2A5E60850038D0BB /* en */ = {isa = PBXFileReference; lastKnownFileType = text.plist.strings; name = en; path = en.lproj/Localizable.strings; sourceTree = "<group>"; };
		A9D6C4AF2A5E63470038D0BB /* LFServices */ = {isa = PBXFileReference; lastKnownFileType = wrapper; name = LFServices; path = Modules/LFServices; sourceTree = "<group>"; };
		A9D6C4B02A5E652B0038D0BB /* LFNetwork */ = {isa = PBXFileReference; lastKnownFileType = wrapper; name = LFNetwork; path = Modules/LFNetwork; sourceTree = "<group>"; };
		A9D6C4B12A5E91DF0038D0BB /* LaunchScreen.storyboard */ = {isa = PBXFileReference; lastKnownFileType = file.storyboard; path = LaunchScreen.storyboard; sourceTree = "<group>"; };
		A9D6C4B82A5F07470038D0BB /* LFData */ = {isa = PBXFileReference; lastKnownFileType = wrapper; name = LFData; path = Modules/LFData; sourceTree = "<group>"; };
		A9D6C4B92A5F07CF0038D0BB /* LFDomain */ = {isa = PBXFileReference; lastKnownFileType = wrapper; name = LFDomain; path = Modules/LFDomain; sourceTree = "<group>"; };
/* End PBXFileReference section */

/* Begin PBXFrameworksBuildPhase section */
		A953548B2A5E55B2008B0FAB /* Frameworks */ = {
			isa = PBXFrameworksBuildPhase;
			buildActionMask = 2147483647;
			files = (
				A9B912EC2A6B881100ABD87B /* iPhoneNumberField in Frameworks */,
				A94F71EE2A610E65002ADB34 /* LFAccountOnboarding in Frameworks */,
				A938373C2A63BAAC009EB1DE /* LFUtilities in Frameworks */,
				A9B912E42A6B876300ABD87B /* OnboardingDomain in Frameworks */,
				A9B912EA2A6B881100ABD87B /* DataUtilities in Frameworks */,
				A9B912EE2A6B881100ABD87B /* SmartyStreets in Frameworks */,
				A953548C2A5E55B2008B0FAB /* Factory in Frameworks */,
				A94F71F02A610E9F002ADB34 /* CardanoAccountOnboarding in Frameworks */,
				A94F71F72A61CACF002ADB34 /* LFLocalizable in Frameworks */,
				A953548D2A5E55B2008B0FAB /* LFStyleGuide in Frameworks */,
				06EBE2052A693C8100157B32 /* LFDashboard in Frameworks */,
				A9B912E22A6B876300ABD87B /* OnboardingData in Frameworks */,
				A9B912E62A6B876300ABD87B /* LFNetwork in Frameworks */,
				A9B912E02A6B876300ABD87B /* NetSpendData in Frameworks */,
				A953548E2A5E55B2008B0FAB /* Lottie in Frameworks */,
				A9B912DE2A6B876300ABD87B /* AuthorizationManager in Frameworks */,
				A9B912E82A6B876300ABD87B /* LFServices in Frameworks */,
			);
			runOnlyForDeploymentPostprocessing = 0;
		};
		A97BF7B92A5C602D00B8F5CA /* Frameworks */ = {
			isa = PBXFrameworksBuildPhase;
			buildActionMask = 2147483647;
			files = (
				A980DF6B2A5FA23D000B3C09 /* LFAccountOnboarding in Frameworks */,
				A980DF6D2A5FA249000B3C09 /* OnboardingDomain in Frameworks */,
				A97BF7EB2A5D70C500B8F5CA /* Factory in Frameworks */,
				A980DF712A5FA252000B3C09 /* OnboardingData in Frameworks */,
				A980DF6F2A5FA252000B3C09 /* DataUtilities in Frameworks */,
				06EBE2032A693C7800157B32 /* LFDashboard in Frameworks */,
				A953545D2A5DD7F4008B0FAB /* LFStyleGuide in Frameworks */,
				A94F71FF2A6266D0002ADB34 /* AuthorizationManager in Frameworks */,
				A963D3FB2A67081D006B9A54 /* NetSpendData in Frameworks */,
				A980DF772A5FA26E000B3C09 /* LFUtilities in Frameworks */,
				06D40C012A62AE3700EADB75 /* iPhoneNumberField in Frameworks */,
				0603BD712A71191B00347DB2 /* VGSShowSDK in Frameworks */,
				A97BF7EE2A5D719000B8F5CA /* Lottie in Frameworks */,
				A980DF732A5FA25A000B3C09 /* LFNetwork in Frameworks */,
				A94F71F22A612C62002ADB34 /* AvalancheAccountOnboarding in Frameworks */,
				A980DF752A5FA265000B3C09 /* LFServices in Frameworks */,
				A94F71F52A61CAC6002ADB34 /* LFLocalizable in Frameworks */,
				749091172A6584C300071B41 /* SmartyStreets in Frameworks */,
			);
			runOnlyForDeploymentPostprocessing = 0;
		};
		A97BF7C92A5C602F00B8F5CA /* Frameworks */ = {
			isa = PBXFrameworksBuildPhase;
			buildActionMask = 2147483647;
			files = (
			);
			runOnlyForDeploymentPostprocessing = 0;
		};
		A97BF7D32A5C602F00B8F5CA /* Frameworks */ = {
			isa = PBXFrameworksBuildPhase;
			buildActionMask = 2147483647;
			files = (
			);
			runOnlyForDeploymentPostprocessing = 0;
		};
/* End PBXFrameworksBuildPhase section */

/* Begin PBXGroup section */
		06D40BF42A625E9100EADB75 /* Lottie */ = {
			isa = PBXGroup;
			children = (
				06D40C022A63DEB300EADB75 /* LoadingPrimary.json */,
				06D40BFB2A6260B300EADB75 /* LoadingContrast.json */,
				06D40BF72A625F5400EADB75 /* LoadingMix.json */,
			);
			path = Lottie;
			sourceTree = "<group>";
		};
		A93837422A63D750009EB1DE /* Resources */ = {
			isa = PBXGroup;
			children = (
				A93837432A63D7AD009EB1DE /* Images.xcassets */,
			);
			name = Resources;
			path = "Réources";
			sourceTree = "<group>";
		};
		A94EFFC02A67FD0600DD0395 /* AppView */ = {
			isa = PBXGroup;
			children = (
				A97BF7C12A5C602D00B8F5CA /* AppView.swift */,
				A963D40A2A67F7FD006B9A54 /* AppViewModel.swift */,
			);
			path = AppView;
			sourceTree = "<group>";
		};
		A94EFFC12A67FD1D00DD0395 /* AppCoordinator */ = {
			isa = PBXGroup;
			children = (
				A963D4082A67F491006B9A54 /* AppCoordinator.swift */,
			);
			path = AppCoordinator;
			sourceTree = "<group>";
		};
		A953545B2A5DD7F4008B0FAB /* Frameworks */ = {
			isa = PBXGroup;
			children = (
			);
			name = Frameworks;
			sourceTree = "<group>";
		};
		A95354602A5DD91A008B0FAB /* Assets */ = {
			isa = PBXGroup;
			children = (
				A97BF83D2A5DBCF200B8F5CA /* Images.xcassets */,
				A97BF83F2A5DC13000B8F5CA /* Colors.xcassets */,
			);
			path = Assets;
			sourceTree = "<group>";
		};
		A95354992A5E571D008B0FAB /* Cardano */ = {
			isa = PBXGroup;
			children = (
				A95354A42A5E571D008B0FAB /* Sources */,
				A953549A2A5E571D008B0FAB /* Configurations */,
				A953549C2A5E571D008B0FAB /* Resources */,
			);
			path = Cardano;
			sourceTree = "<group>";
		};
		A953549A2A5E571D008B0FAB /* Configurations */ = {
			isa = PBXGroup;
			children = (
				A953549B2A5E571D008B0FAB /* CardanoConfig.xcconfig */,
			);
			path = Configurations;
			sourceTree = "<group>";
		};
		A953549C2A5E571D008B0FAB /* Resources */ = {
			isa = PBXGroup;
			children = (
				A95D41902A6E35750095596B /* Cardano.entitlements */,
				A95354A02A5E571D008B0FAB /* Cardano-Info.plist */,
				A938373D2A63BB20009EB1DE /* LaunchScreen.storyboard */,
				A95354A12A5E571D008B0FAB /* Assets */,
				A9D6C4AC2A5E60850038D0BB /* Localizable.strings */,
				A9B912CD2A6B86A800ABD87B /* Lottie */,
			);
			path = Resources;
			sourceTree = "<group>";
		};
		A95354A12A5E571D008B0FAB /* Assets */ = {
			isa = PBXGroup;
			children = (
				A95354A22A5E571D008B0FAB /* Colors.xcassets */,
				A95354A32A5E571D008B0FAB /* Images.xcassets */,
			);
			path = Assets;
			sourceTree = "<group>";
		};
		A95354A42A5E571D008B0FAB /* Sources */ = {
			isa = PBXGroup;
			children = (
				A9B912D52A6B86BC00ABD87B /* DependenciesInjection */,
				A9B912D42A6B86B700ABD87B /* AppCoordinator */,
				A9B912D62A6B86D700ABD87B /* AppView */,
				A95354A62A5E571D008B0FAB /* CardanoApp.swift */,
			);
			path = Sources;
			sourceTree = "<group>";
		};
		A97BF7B32A5C602D00B8F5CA = {
			isa = PBXGroup;
			children = (
				A9D6C4B72A5F03180038D0BB /* LFModules */,
				A97BF7BE2A5C602D00B8F5CA /* LiquidityFinancial */,
				A97BF7CF2A5C602F00B8F5CA /* LiquidityFinancialTests */,
				A97BF7D92A5C602F00B8F5CA /* LiquidityFinancialUITests */,
				A97BF7BD2A5C602D00B8F5CA /* Products */,
				A953545B2A5DD7F4008B0FAB /* Frameworks */,
			);
			sourceTree = "<group>";
		};
		A97BF7BD2A5C602D00B8F5CA /* Products */ = {
			isa = PBXGroup;
			children = (
				A97BF7BC2A5C602D00B8F5CA /* Avalanche.app */,
				A97BF7CC2A5C602F00B8F5CA /* LiquidityFinancialTests.xctest */,
				A97BF7D62A5C602F00B8F5CA /* LiquidityFinancialUITests.xctest */,
				A95354972A5E55B2008B0FAB /* Cardano.app */,
			);
			name = Products;
			sourceTree = "<group>";
		};
		A97BF7BE2A5C602D00B8F5CA /* LiquidityFinancial */ = {
			isa = PBXGroup;
			children = (
				A95354992A5E571D008B0FAB /* Cardano */,
				A97BF8102A5D989100B8F5CA /* Avalanche */,
				A97BF80F2A5D986C00B8F5CA /* Sources */,
				A97BF8122A5D98EA00B8F5CA /* Configurations */,
				A93837422A63D750009EB1DE /* Resources */,
			);
			path = LiquidityFinancial;
			sourceTree = "<group>";
		};
		A97BF7CF2A5C602F00B8F5CA /* LiquidityFinancialTests */ = {
			isa = PBXGroup;
			children = (
				A97BF7D02A5C602F00B8F5CA /* LiquidityFinancialTests.swift */,
			);
			path = LiquidityFinancialTests;
			sourceTree = "<group>";
		};
		A97BF7D92A5C602F00B8F5CA /* LiquidityFinancialUITests */ = {
			isa = PBXGroup;
			children = (
				A97BF7DA2A5C602F00B8F5CA /* LiquidityFinancialUITests.swift */,
				A97BF7DC2A5C602F00B8F5CA /* LiquidityFinancialUITestsLaunchTests.swift */,
			);
			path = LiquidityFinancialUITests;
			sourceTree = "<group>";
		};
		A97BF8052A5D970E00B8F5CA /* Domain */ = {
			isa = PBXGroup;
			children = (
				A9D6C4B92A5F07CF0038D0BB /* LFDomain */,
			);
			name = Domain;
			sourceTree = "<group>";
		};
		A97BF8062A5D971400B8F5CA /* Presentation */ = {
			isa = PBXGroup;
			children = (
				06CFE6B72A7263B400B494A2 /* LFCard */,
				06EBE1FF2A6924E900157B32 /* LFDashboard */,
				A97BF8072A5D975900B8F5CA /* LFAccountOnboarding */,
			);
			name = Presentation;
			sourceTree = "<group>";
		};
		A97BF80D2A5D980200B8F5CA /* Utilities */ = {
			isa = PBXGroup;
			children = (
				A94F71F32A614E04002ADB34 /* LFLocalizable */,
				A97BF8132A5D9CC300B8F5CA /* LFUtilities */,
				A97BF80E2A5D982500B8F5CA /* LFStyleGuide */,
			);
			name = Utilities;
			sourceTree = "<group>";
		};
		A97BF80F2A5D986C00B8F5CA /* Sources */ = {
			isa = PBXGroup;
			children = (
				A97BF8192A5D9E6B00B8F5CA /* AppDelegate.swift */,
				A93837462A63DDFD009EB1DE /* AppDelegate+Extensions.swift */,
				A9B912F12A6B897100ABD87B /* DependenciesInjection */,
			);
			path = Sources;
			sourceTree = "<group>";
		};
		A97BF8102A5D989100B8F5CA /* Avalanche */ = {
			isa = PBXGroup;
			children = (
				A97BF8142A5D9D2900B8F5CA /* Sources */,
				A97BF8162A5D9D4B00B8F5CA /* Configurations */,
				A97BF8152A5D9D3F00B8F5CA /* Resources */,
			);
			path = Avalanche;
			sourceTree = "<group>";
		};
		A97BF8122A5D98EA00B8F5CA /* Configurations */ = {
			isa = PBXGroup;
			children = (
				A97BF83C2A5DA8A900B8F5CA /* LiquidityFinancialConfig.xcconfig */,
			);
			path = Configurations;
			sourceTree = "<group>";
		};
		A97BF8142A5D9D2900B8F5CA /* Sources */ = {
			isa = PBXGroup;
			children = (
				A97BF8172A5D9DE200B8F5CA /* AvalancheApp.swift */,
				A94EFFC12A67FD1D00DD0395 /* AppCoordinator */,
				A94EFFC02A67FD0600DD0395 /* AppView */,
				A9D6C4BA2A5FA1570038D0BB /* DependenciesInjection */,
			);
			path = Sources;
			sourceTree = "<group>";
		};
		A97BF8152A5D9D3F00B8F5CA /* Resources */ = {
			isa = PBXGroup;
			children = (
				A95D418F2A6E31C60095596B /* Avalanche.entitlements */,
				A97BF8392A5DA4DA00B8F5CA /* Avalanche-Info.plist */,
				A9D6C4B12A5E91DF0038D0BB /* LaunchScreen.storyboard */,
				A95354602A5DD91A008B0FAB /* Assets */,
				A9D6C4A72A5E5FE00038D0BB /* Localizable.strings */,
				06D40BF42A625E9100EADB75 /* Lottie */,
			);
			path = Resources;
			sourceTree = "<group>";
		};
		A97BF8162A5D9D4B00B8F5CA /* Configurations */ = {
			isa = PBXGroup;
			children = (
				A97BF83A2A5DA86000B8F5CA /* AvalancheConfig.xcconfig */,
			);
			path = Configurations;
			sourceTree = "<group>";
		};
		A9B912CD2A6B86A800ABD87B /* Lottie */ = {
			isa = PBXGroup;
			children = (
				A9B912CE2A6B86A800ABD87B /* LoadingPrimary.json */,
				A9B912CF2A6B86A800ABD87B /* LoadingContrast.json */,
				A9B912D02A6B86A800ABD87B /* LoadingMix.json */,
			);
			path = Lottie;
			sourceTree = "<group>";
		};
		A9B912D42A6B86B700ABD87B /* AppCoordinator */ = {
			isa = PBXGroup;
			children = (
				A9B912EF2A6B891000ABD87B /* AppCoordinator.swift */,
			);
			path = AppCoordinator;
			sourceTree = "<group>";
		};
		A9B912D52A6B86BC00ABD87B /* DependenciesInjection */ = {
			isa = PBXGroup;
			children = (
				A9B912DB2A6B871300ABD87B /* DashboardContainer+Injection.swift */,
			);
			path = DependenciesInjection;
			sourceTree = "<group>";
		};
		A9B912D62A6B86D700ABD87B /* AppView */ = {
			isa = PBXGroup;
			children = (
				A95354A52A5E571D008B0FAB /* AppView.swift */,
				A9B912D72A6B86ED00ABD87B /* AppViewModel.swift */,
			);
			path = AppView;
			sourceTree = "<group>";
		};
		A9B912F12A6B897100ABD87B /* DependenciesInjection */ = {
			isa = PBXGroup;
			children = (
				A9B912F22A6B898C00ABD87B /* OnboardingContainer+Injection.swift */,
			);
			path = DependenciesInjection;
			sourceTree = "<group>";
		};
		A9D6C4AE2A5E62F40038D0BB /* Services */ = {
			isa = PBXGroup;
			children = (
				A9D6C4B02A5E652B0038D0BB /* LFNetwork */,
				A9D6C4AF2A5E63470038D0BB /* LFServices */,
			);
			name = Services;
			sourceTree = "<group>";
		};
		A9D6C4B52A5E989C0038D0BB /* Data */ = {
			isa = PBXGroup;
			children = (
				A9D6C4B82A5F07470038D0BB /* LFData */,
			);
			name = Data;
			sourceTree = "<group>";
		};
		A9D6C4B72A5F03180038D0BB /* LFModules */ = {
			isa = PBXGroup;
			children = (
				A97BF80D2A5D980200B8F5CA /* Utilities */,
				A9D6C4AE2A5E62F40038D0BB /* Services */,
				A97BF8062A5D971400B8F5CA /* Presentation */,
				A9D6C4B52A5E989C0038D0BB /* Data */,
				A97BF8052A5D970E00B8F5CA /* Domain */,
			);
			name = LFModules;
			sourceTree = "<group>";
		};
		A9D6C4BA2A5FA1570038D0BB /* DependenciesInjection */ = {
			isa = PBXGroup;
			children = (
				06EBE2002A69390700157B32 /* DashboardContainer+Injection.swift */,
			);
			path = DependenciesInjection;
			sourceTree = "<group>";
		};
/* End PBXGroup section */

/* Begin PBXNativeTarget section */
		A953547C2A5E55B2008B0FAB /* Cardano */ = {
			isa = PBXNativeTarget;
			buildConfigurationList = A95354942A5E55B2008B0FAB /* Build configuration list for PBXNativeTarget "Cardano" */;
			buildPhases = (
				A95354842A5E55B2008B0FAB /* Sources */,
				A953548B2A5E55B2008B0FAB /* Frameworks */,
				A95354902A5E55B2008B0FAB /* Resources */,
				A9B1DAE52A5FC94C003F3C3C /* Swiftlint (Debug Only) */,
			);
			buildRules = (
			);
			dependencies = (
			);
			name = Cardano;
			packageProductDependencies = (
				A953547D2A5E55B2008B0FAB /* Factory */,
				A953547F2A5E55B2008B0FAB /* Lottie */,
				A95354832A5E55B2008B0FAB /* LFStyleGuide */,
				A94F71ED2A610E65002ADB34 /* LFAccountOnboarding */,
				A94F71EF2A610E9F002ADB34 /* CardanoAccountOnboarding */,
				A94F71F62A61CACF002ADB34 /* LFLocalizable */,
				A938373B2A63BAAC009EB1DE /* LFUtilities */,
				06EBE2042A693C8100157B32 /* LFDashboard */,
				A9B912DD2A6B876300ABD87B /* AuthorizationManager */,
				A9B912DF2A6B876300ABD87B /* NetSpendData */,
				A9B912E12A6B876300ABD87B /* OnboardingData */,
				A9B912E32A6B876300ABD87B /* OnboardingDomain */,
				A9B912E52A6B876300ABD87B /* LFNetwork */,
				A9B912E72A6B876300ABD87B /* LFServices */,
				A9B912E92A6B881100ABD87B /* DataUtilities */,
				A9B912EB2A6B881100ABD87B /* iPhoneNumberField */,
				A9B912ED2A6B881100ABD87B /* SmartyStreets */,
			);
			productName = LiquidityFinancial;
			productReference = A95354972A5E55B2008B0FAB /* Cardano.app */;
			productType = "com.apple.product-type.application";
		};
		A97BF7BB2A5C602D00B8F5CA /* Avalanche */ = {
			isa = PBXNativeTarget;
			buildConfigurationList = A97BF7E02A5C602F00B8F5CA /* Build configuration list for PBXNativeTarget "Avalanche" */;
			buildPhases = (
				A97BF7B82A5C602D00B8F5CA /* Sources */,
				A97BF7B92A5C602D00B8F5CA /* Frameworks */,
				A97BF7BA2A5C602D00B8F5CA /* Resources */,
				A9B1DAE42A5FC60C003F3C3C /* Swiftlint (Debug Only) */,
			);
			buildRules = (
			);
			dependencies = (
			);
			name = Avalanche;
			packageProductDependencies = (
				A97BF7EA2A5D70C500B8F5CA /* Factory */,
				A97BF7ED2A5D719000B8F5CA /* Lottie */,
				A953545C2A5DD7F4008B0FAB /* LFStyleGuide */,
				A980DF6A2A5FA23D000B3C09 /* LFAccountOnboarding */,
				A980DF6C2A5FA249000B3C09 /* OnboardingDomain */,
				A980DF6E2A5FA252000B3C09 /* DataUtilities */,
				A980DF702A5FA252000B3C09 /* OnboardingData */,
				A980DF722A5FA25A000B3C09 /* LFNetwork */,
				A980DF742A5FA265000B3C09 /* LFServices */,
				A980DF762A5FA26E000B3C09 /* LFUtilities */,
				A94F71F12A612C62002ADB34 /* AvalancheAccountOnboarding */,
				A94F71F42A61CAC6002ADB34 /* LFLocalizable */,
				A94F71FE2A6266D0002ADB34 /* AuthorizationManager */,
				06D40C002A62AE3700EADB75 /* iPhoneNumberField */,
				749091162A6584C300071B41 /* SmartyStreets */,
				A963D3FA2A67081D006B9A54 /* NetSpendData */,
				06EBE2022A693C7800157B32 /* LFDashboard */,
				0603BD702A71191B00347DB2 /* VGSShowSDK */,
			);
			productName = LiquidityFinancial;
			productReference = A97BF7BC2A5C602D00B8F5CA /* Avalanche.app */;
			productType = "com.apple.product-type.application";
		};
		A97BF7CB2A5C602F00B8F5CA /* LiquidityFinancialTests */ = {
			isa = PBXNativeTarget;
			buildConfigurationList = A97BF7E32A5C602F00B8F5CA /* Build configuration list for PBXNativeTarget "LiquidityFinancialTests" */;
			buildPhases = (
				A97BF7C82A5C602F00B8F5CA /* Sources */,
				A97BF7C92A5C602F00B8F5CA /* Frameworks */,
				A97BF7CA2A5C602F00B8F5CA /* Resources */,
			);
			buildRules = (
			);
			dependencies = (
				A97BF7CE2A5C602F00B8F5CA /* PBXTargetDependency */,
			);
			name = LiquidityFinancialTests;
			productName = LiquidityFinancialTests;
			productReference = A97BF7CC2A5C602F00B8F5CA /* LiquidityFinancialTests.xctest */;
			productType = "com.apple.product-type.bundle.unit-test";
		};
		A97BF7D52A5C602F00B8F5CA /* LiquidityFinancialUITests */ = {
			isa = PBXNativeTarget;
			buildConfigurationList = A97BF7E62A5C602F00B8F5CA /* Build configuration list for PBXNativeTarget "LiquidityFinancialUITests" */;
			buildPhases = (
				A97BF7D22A5C602F00B8F5CA /* Sources */,
				A97BF7D32A5C602F00B8F5CA /* Frameworks */,
				A97BF7D42A5C602F00B8F5CA /* Resources */,
			);
			buildRules = (
			);
			dependencies = (
				A97BF7D82A5C602F00B8F5CA /* PBXTargetDependency */,
			);
			name = LiquidityFinancialUITests;
			productName = LiquidityFinancialUITests;
			productReference = A97BF7D62A5C602F00B8F5CA /* LiquidityFinancialUITests.xctest */;
			productType = "com.apple.product-type.bundle.ui-testing";
		};
/* End PBXNativeTarget section */

/* Begin PBXProject section */
		A97BF7B42A5C602D00B8F5CA /* Project object */ = {
			isa = PBXProject;
			attributes = {
				BuildIndependentTargetsInParallel = 1;
				LastSwiftUpdateCheck = 1430;
				LastUpgradeCheck = 1430;
				TargetAttributes = {
					A97BF7BB2A5C602D00B8F5CA = {
						CreatedOnToolsVersion = 14.3;
					};
					A97BF7CB2A5C602F00B8F5CA = {
						CreatedOnToolsVersion = 14.3;
						TestTargetID = A97BF7BB2A5C602D00B8F5CA;
					};
					A97BF7D52A5C602F00B8F5CA = {
						CreatedOnToolsVersion = 14.3;
						TestTargetID = A97BF7BB2A5C602D00B8F5CA;
					};
				};
			};
			buildConfigurationList = A97BF7B72A5C602D00B8F5CA /* Build configuration list for PBXProject "LiquidityFinancial" */;
			compatibilityVersion = "Xcode 14.0";
			developmentRegion = en;
			hasScannedForEncodings = 0;
			knownRegions = (
				en,
				Base,
			);
			mainGroup = A97BF7B32A5C602D00B8F5CA;
			packageReferences = (
				A97BF7E92A5D70C400B8F5CA /* XCRemoteSwiftPackageReference "Factory" */,
				A97BF7EC2A5D719000B8F5CA /* XCRemoteSwiftPackageReference "lottie-ios" */,
				A9E6B1CD2A5DD1A2008ED988 /* XCRemoteSwiftPackageReference "SwiftGenPlugin" */,
				06D40BFF2A62AE3700EADB75 /* XCRemoteSwiftPackageReference "iPhoneNumberField" */,
				749091152A6584C300071B41 /* XCRemoteSwiftPackageReference "smartystreets-ios-sdk" */,
				0603BD6F2A71191B00347DB2 /* XCRemoteSwiftPackageReference "vgs-show-ios" */,
			);
			productRefGroup = A97BF7BD2A5C602D00B8F5CA /* Products */;
			projectDirPath = "";
			projectRoot = "";
			targets = (
				A97BF7BB2A5C602D00B8F5CA /* Avalanche */,
				A953547C2A5E55B2008B0FAB /* Cardano */,
				A97BF7CB2A5C602F00B8F5CA /* LiquidityFinancialTests */,
				A97BF7D52A5C602F00B8F5CA /* LiquidityFinancialUITests */,
			);
		};
/* End PBXProject section */

/* Begin PBXResourcesBuildPhase section */
		A95354902A5E55B2008B0FAB /* Resources */ = {
			isa = PBXResourcesBuildPhase;
			buildActionMask = 2147483647;
			files = (
				A95354AB2A5E571D008B0FAB /* Colors.xcassets in Resources */,
				A9B912D12A6B86A800ABD87B /* LoadingPrimary.json in Resources */,
				A9B912D22A6B86A800ABD87B /* LoadingContrast.json in Resources */,
				A9B912D32A6B86A800ABD87B /* LoadingMix.json in Resources */,
				A93837452A63D7AF009EB1DE /* Images.xcassets in Resources */,
				A938373E2A63BB20009EB1DE /* LaunchScreen.storyboard in Resources */,
				A9D6C4AA2A5E60850038D0BB /* Localizable.strings in Resources */,
				A95354AC2A5E571D008B0FAB /* Images.xcassets in Resources */,
			);
			runOnlyForDeploymentPostprocessing = 0;
		};
		A97BF7BA2A5C602D00B8F5CA /* Resources */ = {
			isa = PBXResourcesBuildPhase;
			buildActionMask = 2147483647;
			files = (
				A97BF83E2A5DBCF200B8F5CA /* Images.xcassets in Resources */,
				A93837442A63D7AD009EB1DE /* Images.xcassets in Resources */,
				06D40BFC2A6260B300EADB75 /* LoadingContrast.json in Resources */,
				A9D6C4B22A5E91DF0038D0BB /* LaunchScreen.storyboard in Resources */,
				A9D6C4A52A5E5FE00038D0BB /* Localizable.strings in Resources */,
				06D40C032A63DEB300EADB75 /* LoadingPrimary.json in Resources */,
				A97BF8402A5DC13000B8F5CA /* Colors.xcassets in Resources */,
				06D40BF82A625F5400EADB75 /* LoadingMix.json in Resources */,
			);
			runOnlyForDeploymentPostprocessing = 0;
		};
		A97BF7CA2A5C602F00B8F5CA /* Resources */ = {
			isa = PBXResourcesBuildPhase;
			buildActionMask = 2147483647;
			files = (
			);
			runOnlyForDeploymentPostprocessing = 0;
		};
		A97BF7D42A5C602F00B8F5CA /* Resources */ = {
			isa = PBXResourcesBuildPhase;
			buildActionMask = 2147483647;
			files = (
			);
			runOnlyForDeploymentPostprocessing = 0;
		};
/* End PBXResourcesBuildPhase section */

/* Begin PBXShellScriptBuildPhase section */
		A9B1DAE42A5FC60C003F3C3C /* Swiftlint (Debug Only) */ = {
			isa = PBXShellScriptBuildPhase;
			alwaysOutOfDate = 1;
			buildActionMask = 12;
			files = (
			);
			inputFileListPaths = (
			);
			inputPaths = (
			);
			name = "Swiftlint (Debug Only)";
			outputFileListPaths = (
			);
			outputPaths = (
			);
			runOnlyForDeploymentPostprocessing = 0;
			shellPath = /bin/sh;
			shellScript = "if [[ \"$(uname -m)\" == arm64 ]]; then\n    export PATH=\"/opt/homebrew/bin:$PATH\"\nfi\n\nif which swiftlint > /dev/null; then\n  swiftlint\nelse\n  echo \"warning: SwiftLint not installed, download from https://github.com/realm/SwiftLint\"\nfi\n";
		};
		A9B1DAE52A5FC94C003F3C3C /* Swiftlint (Debug Only) */ = {
			isa = PBXShellScriptBuildPhase;
			alwaysOutOfDate = 1;
			buildActionMask = 8;
			files = (
			);
			inputFileListPaths = (
			);
			inputPaths = (
			);
			name = "Swiftlint (Debug Only)";
			outputFileListPaths = (
			);
			outputPaths = (
			);
			runOnlyForDeploymentPostprocessing = 1;
			shellPath = /bin/sh;
			shellScript = "if [[ \"$(uname -m)\" == arm64 ]]; then\n    export PATH=\"/opt/homebrew/bin:$PATH\"\nfi\n\nif which swiftlint > /dev/null; then\n  swiftlint\nelse\n  echo \"warning: SwiftLint not installed, download from https://github.com/realm/SwiftLint\"\nfi\n";
		};
/* End PBXShellScriptBuildPhase section */

/* Begin PBXSourcesBuildPhase section */
		A95354842A5E55B2008B0FAB /* Sources */ = {
			isa = PBXSourcesBuildPhase;
			buildActionMask = 2147483647;
			files = (
				A9B912F42A6B898C00ABD87B /* OnboardingContainer+Injection.swift in Sources */,
				A9B912D82A6B86ED00ABD87B /* AppViewModel.swift in Sources */,
				A95354AD2A5E571D008B0FAB /* AppView.swift in Sources */,
				A95354AE2A5E571D008B0FAB /* CardanoApp.swift in Sources */,
				A9B912F02A6B891000ABD87B /* AppCoordinator.swift in Sources */,
				A9B912DC2A6B871300ABD87B /* DashboardContainer+Injection.swift in Sources */,
				A93837482A63DDFF009EB1DE /* AppDelegate+Extensions.swift in Sources */,
				A95354852A5E55B2008B0FAB /* AppDelegate.swift in Sources */,
			);
			runOnlyForDeploymentPostprocessing = 0;
		};
		A97BF7B82A5C602D00B8F5CA /* Sources */ = {
			isa = PBXSourcesBuildPhase;
			buildActionMask = 2147483647;
			files = (
				A9B912F32A6B898C00ABD87B /* OnboardingContainer+Injection.swift in Sources */,
				A963D4092A67F491006B9A54 /* AppCoordinator.swift in Sources */,
				06EBE2012A69390700157B32 /* DashboardContainer+Injection.swift in Sources */,
				A93837472A63DDFD009EB1DE /* AppDelegate+Extensions.swift in Sources */,
				A963D40B2A67F7FD006B9A54 /* AppViewModel.swift in Sources */,
				A97BF81A2A5D9E6B00B8F5CA /* AppDelegate.swift in Sources */,
				A97BF7C22A5C602D00B8F5CA /* AppView.swift in Sources */,
				A97BF8182A5D9DE200B8F5CA /* AvalancheApp.swift in Sources */,
			);
			runOnlyForDeploymentPostprocessing = 0;
		};
		A97BF7C82A5C602F00B8F5CA /* Sources */ = {
			isa = PBXSourcesBuildPhase;
			buildActionMask = 2147483647;
			files = (
				A97BF7D12A5C602F00B8F5CA /* LiquidityFinancialTests.swift in Sources */,
			);
			runOnlyForDeploymentPostprocessing = 0;
		};
		A97BF7D22A5C602F00B8F5CA /* Sources */ = {
			isa = PBXSourcesBuildPhase;
			buildActionMask = 2147483647;
			files = (
				A97BF7DB2A5C602F00B8F5CA /* LiquidityFinancialUITests.swift in Sources */,
				A97BF7DD2A5C602F00B8F5CA /* LiquidityFinancialUITestsLaunchTests.swift in Sources */,
			);
			runOnlyForDeploymentPostprocessing = 0;
		};
/* End PBXSourcesBuildPhase section */

/* Begin PBXTargetDependency section */
		A97BF7CE2A5C602F00B8F5CA /* PBXTargetDependency */ = {
			isa = PBXTargetDependency;
			target = A97BF7BB2A5C602D00B8F5CA /* Avalanche */;
			targetProxy = A97BF7CD2A5C602F00B8F5CA /* PBXContainerItemProxy */;
		};
		A97BF7D82A5C602F00B8F5CA /* PBXTargetDependency */ = {
			isa = PBXTargetDependency;
			target = A97BF7BB2A5C602D00B8F5CA /* Avalanche */;
			targetProxy = A97BF7D72A5C602F00B8F5CA /* PBXContainerItemProxy */;
		};
/* End PBXTargetDependency section */

/* Begin PBXVariantGroup section */
		A9D6C4A72A5E5FE00038D0BB /* Localizable.strings */ = {
			isa = PBXVariantGroup;
			children = (
				A9D6C4A62A5E5FE00038D0BB /* en */,
			);
			name = Localizable.strings;
			sourceTree = "<group>";
		};
		A9D6C4AC2A5E60850038D0BB /* Localizable.strings */ = {
			isa = PBXVariantGroup;
			children = (
				A9D6C4AB2A5E60850038D0BB /* en */,
			);
			name = Localizable.strings;
			sourceTree = "<group>";
		};
/* End PBXVariantGroup section */

/* Begin XCBuildConfiguration section */
		A95354952A5E55B2008B0FAB /* Debug */ = {
			isa = XCBuildConfiguration;
			baseConfigurationReference = A953549B2A5E571D008B0FAB /* CardanoConfig.xcconfig */;
			buildSettings = {
				ASSETCATALOG_COMPILER_APPICON_NAME = AppIcon;
				ASSETCATALOG_COMPILER_GLOBAL_ACCENT_COLOR_NAME = AccentColor;
				ASSETCATALOG_COMPILER_INCLUDE_ALL_APPICON_ASSETS = NO;
				CODE_SIGN_ENTITLEMENTS = "${SRCROOT}/LiquidityFinancial/Cardano/Resources/Cardano.entitlements";
				CODE_SIGN_STYLE = Automatic;
				CURRENT_PROJECT_VERSION = $BITRISE_BUILD_NUMBER;
				DEVELOPMENT_ASSET_PATHS = "";
				DEVELOPMENT_TEAM = TX9PJZUNWS;
				ENABLE_PREVIEWS = YES;
				GENERATE_INFOPLIST_FILE = NO;
				INFOPLIST_FILE = "${SRCROOT}/LiquidityFinancial/Cardano/Resources/Cardano-Info.plist";
				INFOPLIST_KEY_LSApplicationCategoryType = "public.app-category.finance";
				INFOPLIST_KEY_UIApplicationSceneManifest_Generation = YES;
				INFOPLIST_KEY_UIApplicationSupportsIndirectInputEvents = YES;
				INFOPLIST_KEY_UILaunchScreen_Generation = YES;
				INFOPLIST_KEY_UILaunchStoryboardName = LaunchScreen.storyboard;
				INFOPLIST_KEY_UIStatusBarHidden = NO;
				INFOPLIST_KEY_UIStatusBarStyle = UIStatusBarStyleLightContent;
				INFOPLIST_KEY_UISupportedInterfaceOrientations = UIInterfaceOrientationPortrait;
				IPHONEOS_DEPLOYMENT_TARGET = 15.0;
				LD_RUNPATH_SEARCH_PATHS = (
					"$(inherited)",
					"@executable_path/Frameworks",
				);
				MARKETING_VERSION = 1.0.0;
				PRODUCT_BUNDLE_IDENTIFIER = com.liquidityfinancial.cardano;
				PRODUCT_NAME = "$(TARGET_NAME)";
				SUPPORTED_PLATFORMS = "iphoneos iphonesimulator";
				SUPPORTS_MACCATALYST = NO;
				SUPPORTS_MAC_DESIGNED_FOR_IPHONE_IPAD = NO;
				SWIFT_EMIT_LOC_STRINGS = YES;
				SWIFT_VERSION = 5.0;
				TARGETED_DEVICE_FAMILY = 1;
			};
			name = Debug;
		};
		A95354962A5E55B2008B0FAB /* Release */ = {
			isa = XCBuildConfiguration;
			baseConfigurationReference = A953549B2A5E571D008B0FAB /* CardanoConfig.xcconfig */;
			buildSettings = {
				ASSETCATALOG_COMPILER_APPICON_NAME = AppIcon;
				ASSETCATALOG_COMPILER_GLOBAL_ACCENT_COLOR_NAME = AccentColor;
				ASSETCATALOG_COMPILER_INCLUDE_ALL_APPICON_ASSETS = NO;
				CODE_SIGN_ENTITLEMENTS = "${SRCROOT}/LiquidityFinancial/Cardano/Resources/Cardano.entitlements";
				CODE_SIGN_STYLE = Automatic;
				CURRENT_PROJECT_VERSION = $BITRISE_BUILD_NUMBER;
				DEVELOPMENT_ASSET_PATHS = "";
				DEVELOPMENT_TEAM = TX9PJZUNWS;
				ENABLE_PREVIEWS = YES;
				GENERATE_INFOPLIST_FILE = NO;
				INFOPLIST_FILE = "${SRCROOT}/LiquidityFinancial/Cardano/Resources/Cardano-Info.plist";
				INFOPLIST_KEY_LSApplicationCategoryType = "public.app-category.finance";
				INFOPLIST_KEY_UIApplicationSceneManifest_Generation = YES;
				INFOPLIST_KEY_UIApplicationSupportsIndirectInputEvents = YES;
				INFOPLIST_KEY_UILaunchScreen_Generation = YES;
				INFOPLIST_KEY_UILaunchStoryboardName = LaunchScreen.storyboard;
				INFOPLIST_KEY_UIStatusBarHidden = NO;
				INFOPLIST_KEY_UIStatusBarStyle = UIStatusBarStyleLightContent;
				INFOPLIST_KEY_UISupportedInterfaceOrientations = UIInterfaceOrientationPortrait;
				IPHONEOS_DEPLOYMENT_TARGET = 15.0;
				LD_RUNPATH_SEARCH_PATHS = (
					"$(inherited)",
					"@executable_path/Frameworks",
				);
				MARKETING_VERSION = 1.0.0;
				PRODUCT_BUNDLE_IDENTIFIER = com.liquidityfinancial.cardano;
				PRODUCT_NAME = "$(TARGET_NAME)";
				SUPPORTED_PLATFORMS = "iphoneos iphonesimulator";
				SUPPORTS_MACCATALYST = NO;
				SUPPORTS_MAC_DESIGNED_FOR_IPHONE_IPAD = NO;
				SWIFT_EMIT_LOC_STRINGS = YES;
				SWIFT_VERSION = 5.0;
				TARGETED_DEVICE_FAMILY = 1;
			};
			name = Release;
		};
		A97BF7DE2A5C602F00B8F5CA /* Debug */ = {
			isa = XCBuildConfiguration;
			baseConfigurationReference = A97BF83C2A5DA8A900B8F5CA /* LiquidityFinancialConfig.xcconfig */;
			buildSettings = {
				ALWAYS_SEARCH_USER_PATHS = NO;
				CLANG_ANALYZER_NONNULL = YES;
				CLANG_ANALYZER_NUMBER_OBJECT_CONVERSION = YES_AGGRESSIVE;
				CLANG_CXX_LANGUAGE_STANDARD = "gnu++20";
				CLANG_ENABLE_MODULES = YES;
				CLANG_ENABLE_OBJC_ARC = YES;
				CLANG_ENABLE_OBJC_WEAK = YES;
				CLANG_WARN_BLOCK_CAPTURE_AUTORELEASING = YES;
				CLANG_WARN_BOOL_CONVERSION = YES;
				CLANG_WARN_COMMA = YES;
				CLANG_WARN_CONSTANT_CONVERSION = YES;
				CLANG_WARN_DEPRECATED_OBJC_IMPLEMENTATIONS = YES;
				CLANG_WARN_DIRECT_OBJC_ISA_USAGE = YES_ERROR;
				CLANG_WARN_DOCUMENTATION_COMMENTS = YES;
				CLANG_WARN_EMPTY_BODY = YES;
				CLANG_WARN_ENUM_CONVERSION = YES;
				CLANG_WARN_INFINITE_RECURSION = YES;
				CLANG_WARN_INT_CONVERSION = YES;
				CLANG_WARN_NON_LITERAL_NULL_CONVERSION = YES;
				CLANG_WARN_OBJC_IMPLICIT_RETAIN_SELF = YES;
				CLANG_WARN_OBJC_LITERAL_CONVERSION = YES;
				CLANG_WARN_OBJC_ROOT_CLASS = YES_ERROR;
				CLANG_WARN_QUOTED_INCLUDE_IN_FRAMEWORK_HEADER = YES;
				CLANG_WARN_RANGE_LOOP_ANALYSIS = YES;
				CLANG_WARN_STRICT_PROTOTYPES = YES;
				CLANG_WARN_SUSPICIOUS_MOVE = YES;
				CLANG_WARN_UNGUARDED_AVAILABILITY = YES_AGGRESSIVE;
				CLANG_WARN_UNREACHABLE_CODE = YES;
				CLANG_WARN__DUPLICATE_METHOD_MATCH = YES;
				COPY_PHASE_STRIP = NO;
				DEBUG_INFORMATION_FORMAT = dwarf;
				ENABLE_STRICT_OBJC_MSGSEND = YES;
				ENABLE_TESTABILITY = YES;
				GCC_C_LANGUAGE_STANDARD = gnu11;
				GCC_DYNAMIC_NO_PIC = NO;
				GCC_NO_COMMON_BLOCKS = YES;
				GCC_OPTIMIZATION_LEVEL = 0;
				GCC_PREPROCESSOR_DEFINITIONS = (
					"DEBUG=1",
					"$(inherited)",
				);
				GCC_WARN_64_TO_32_BIT_CONVERSION = YES;
				GCC_WARN_ABOUT_RETURN_TYPE = YES_ERROR;
				GCC_WARN_UNDECLARED_SELECTOR = YES;
				GCC_WARN_UNINITIALIZED_AUTOS = YES_AGGRESSIVE;
				GCC_WARN_UNUSED_FUNCTION = YES;
				GCC_WARN_UNUSED_VARIABLE = YES;
				IPHONEOS_DEPLOYMENT_TARGET = 15.0;
				MTL_ENABLE_DEBUG_INFO = INCLUDE_SOURCE;
				MTL_FAST_MATH = YES;
				ONLY_ACTIVE_ARCH = YES;
				SDKROOT = iphoneos;
				SWIFT_ACTIVE_COMPILATION_CONDITIONS = DEBUG;
				SWIFT_OPTIMIZATION_LEVEL = "-Onone";
			};
			name = Debug;
		};
		A97BF7DF2A5C602F00B8F5CA /* Release */ = {
			isa = XCBuildConfiguration;
			baseConfigurationReference = A97BF83C2A5DA8A900B8F5CA /* LiquidityFinancialConfig.xcconfig */;
			buildSettings = {
				ALWAYS_SEARCH_USER_PATHS = NO;
				CLANG_ANALYZER_NONNULL = YES;
				CLANG_ANALYZER_NUMBER_OBJECT_CONVERSION = YES_AGGRESSIVE;
				CLANG_CXX_LANGUAGE_STANDARD = "gnu++20";
				CLANG_ENABLE_MODULES = YES;
				CLANG_ENABLE_OBJC_ARC = YES;
				CLANG_ENABLE_OBJC_WEAK = YES;
				CLANG_WARN_BLOCK_CAPTURE_AUTORELEASING = YES;
				CLANG_WARN_BOOL_CONVERSION = YES;
				CLANG_WARN_COMMA = YES;
				CLANG_WARN_CONSTANT_CONVERSION = YES;
				CLANG_WARN_DEPRECATED_OBJC_IMPLEMENTATIONS = YES;
				CLANG_WARN_DIRECT_OBJC_ISA_USAGE = YES_ERROR;
				CLANG_WARN_DOCUMENTATION_COMMENTS = YES;
				CLANG_WARN_EMPTY_BODY = YES;
				CLANG_WARN_ENUM_CONVERSION = YES;
				CLANG_WARN_INFINITE_RECURSION = YES;
				CLANG_WARN_INT_CONVERSION = YES;
				CLANG_WARN_NON_LITERAL_NULL_CONVERSION = YES;
				CLANG_WARN_OBJC_IMPLICIT_RETAIN_SELF = YES;
				CLANG_WARN_OBJC_LITERAL_CONVERSION = YES;
				CLANG_WARN_OBJC_ROOT_CLASS = YES_ERROR;
				CLANG_WARN_QUOTED_INCLUDE_IN_FRAMEWORK_HEADER = YES;
				CLANG_WARN_RANGE_LOOP_ANALYSIS = YES;
				CLANG_WARN_STRICT_PROTOTYPES = YES;
				CLANG_WARN_SUSPICIOUS_MOVE = YES;
				CLANG_WARN_UNGUARDED_AVAILABILITY = YES_AGGRESSIVE;
				CLANG_WARN_UNREACHABLE_CODE = YES;
				CLANG_WARN__DUPLICATE_METHOD_MATCH = YES;
				COPY_PHASE_STRIP = NO;
				DEBUG_INFORMATION_FORMAT = "dwarf-with-dsym";
				ENABLE_NS_ASSERTIONS = NO;
				ENABLE_STRICT_OBJC_MSGSEND = YES;
				GCC_C_LANGUAGE_STANDARD = gnu11;
				GCC_NO_COMMON_BLOCKS = YES;
				GCC_WARN_64_TO_32_BIT_CONVERSION = YES;
				GCC_WARN_ABOUT_RETURN_TYPE = YES_ERROR;
				GCC_WARN_UNDECLARED_SELECTOR = YES;
				GCC_WARN_UNINITIALIZED_AUTOS = YES_AGGRESSIVE;
				GCC_WARN_UNUSED_FUNCTION = YES;
				GCC_WARN_UNUSED_VARIABLE = YES;
				IPHONEOS_DEPLOYMENT_TARGET = 15.0;
				MTL_ENABLE_DEBUG_INFO = NO;
				MTL_FAST_MATH = YES;
				SDKROOT = iphoneos;
				SWIFT_COMPILATION_MODE = wholemodule;
				SWIFT_OPTIMIZATION_LEVEL = "-O";
				VALIDATE_PRODUCT = YES;
			};
			name = Release;
		};
		A97BF7E12A5C602F00B8F5CA /* Debug */ = {
			isa = XCBuildConfiguration;
			baseConfigurationReference = A97BF83A2A5DA86000B8F5CA /* AvalancheConfig.xcconfig */;
			buildSettings = {
				ASSETCATALOG_COMPILER_APPICON_NAME = AppIcon;
				ASSETCATALOG_COMPILER_GLOBAL_ACCENT_COLOR_NAME = AccentColor;
				CODE_SIGN_ENTITLEMENTS = "${SRCROOT}/LiquidityFinancial/Avalanche/Resources/Avalanche.entitlements";
				CURRENT_PROJECT_VERSION = $BITRISE_BUILD_NUMBER;
				DEVELOPMENT_ASSET_PATHS = "";
				DEVELOPMENT_TEAM = TX9PJZUNWS;
				ENABLE_PREVIEWS = YES;
				GENERATE_INFOPLIST_FILE = NO;
				INFOPLIST_FILE = "${SRCROOT}/LiquidityFinancial/Avalanche/Resources/Avalanche-Info.plist";
				INFOPLIST_KEY_LSApplicationCategoryType = "public.app-category.finance";
				INFOPLIST_KEY_UIApplicationSceneManifest_Generation = YES;
				INFOPLIST_KEY_UIApplicationSupportsIndirectInputEvents = YES;
				INFOPLIST_KEY_UILaunchScreen_Generation = YES;
				INFOPLIST_KEY_UILaunchStoryboardName = LaunchScreen.storyboard;
				INFOPLIST_KEY_UIStatusBarHidden = NO;
				INFOPLIST_KEY_UIStatusBarStyle = UIStatusBarStyleLightContent;
				INFOPLIST_KEY_UISupportedInterfaceOrientations = UIInterfaceOrientationPortrait;
				IPHONEOS_DEPLOYMENT_TARGET = 15.0;
				LD_RUNPATH_SEARCH_PATHS = (
					"$(inherited)",
					"@executable_path/Frameworks",
				);
				MARKETING_VERSION = 1.0.1;
				PRODUCT_BUNDLE_IDENTIFIER = com.liquidityfinancial.avalanche;
				PRODUCT_NAME = "$(TARGET_NAME)";
				SUPPORTED_PLATFORMS = "iphoneos iphonesimulator";
				SUPPORTS_MACCATALYST = NO;
				SUPPORTS_MAC_DESIGNED_FOR_IPHONE_IPAD = NO;
				SWIFT_EMIT_LOC_STRINGS = YES;
				SWIFT_VERSION = 5.0;
				TARGETED_DEVICE_FAMILY = 1;
			};
			name = Debug;
		};
		A97BF7E22A5C602F00B8F5CA /* Release */ = {
			isa = XCBuildConfiguration;
			baseConfigurationReference = A97BF83A2A5DA86000B8F5CA /* AvalancheConfig.xcconfig */;
			buildSettings = {
				ASSETCATALOG_COMPILER_APPICON_NAME = AppIcon;
				ASSETCATALOG_COMPILER_GLOBAL_ACCENT_COLOR_NAME = AccentColor;
				CODE_SIGN_ENTITLEMENTS = "${SRCROOT}/LiquidityFinancial/Avalanche/Resources/Avalanche.entitlements";
				CODE_SIGN_IDENTITY = "Apple Development";
				CODE_SIGN_STYLE = Automatic;
				CURRENT_PROJECT_VERSION = $BITRISE_BUILD_NUMBER;
				DEVELOPMENT_ASSET_PATHS = "";
				DEVELOPMENT_TEAM = TX9PJZUNWS;
				ENABLE_PREVIEWS = YES;
				GENERATE_INFOPLIST_FILE = NO;
				INFOPLIST_FILE = "${SRCROOT}/LiquidityFinancial/Avalanche/Resources/Avalanche-Info.plist";
				INFOPLIST_KEY_LSApplicationCategoryType = "public.app-category.finance";
				INFOPLIST_KEY_UIApplicationSceneManifest_Generation = YES;
				INFOPLIST_KEY_UIApplicationSupportsIndirectInputEvents = YES;
				INFOPLIST_KEY_UILaunchScreen_Generation = YES;
				INFOPLIST_KEY_UILaunchStoryboardName = LaunchScreen.storyboard;
				INFOPLIST_KEY_UIStatusBarHidden = NO;
				INFOPLIST_KEY_UIStatusBarStyle = UIStatusBarStyleLightContent;
				INFOPLIST_KEY_UISupportedInterfaceOrientations = UIInterfaceOrientationPortrait;
				IPHONEOS_DEPLOYMENT_TARGET = 15.0;
				LD_RUNPATH_SEARCH_PATHS = (
					"$(inherited)",
					"@executable_path/Frameworks",
				);
				MARKETING_VERSION = 1.0.1;
				PRODUCT_BUNDLE_IDENTIFIER = com.liquidityfinancial.avalanche;
				PRODUCT_NAME = "$(TARGET_NAME)";
				PROVISIONING_PROFILE_SPECIFIER = "";
				SUPPORTED_PLATFORMS = "iphoneos iphonesimulator";
				SUPPORTS_MACCATALYST = NO;
				SUPPORTS_MAC_DESIGNED_FOR_IPHONE_IPAD = NO;
				SWIFT_EMIT_LOC_STRINGS = YES;
				SWIFT_VERSION = 5.0;
				TARGETED_DEVICE_FAMILY = 1;
			};
			name = Release;
		};
		A97BF7E42A5C602F00B8F5CA /* Debug */ = {
			isa = XCBuildConfiguration;
			buildSettings = {
				ALWAYS_EMBED_SWIFT_STANDARD_LIBRARIES = YES;
				BUNDLE_LOADER = "$(TEST_HOST)";
				CODE_SIGN_STYLE = Automatic;
				CURRENT_PROJECT_VERSION = 1;
				DEVELOPMENT_TEAM = TX9PJZUNWS;
				GENERATE_INFOPLIST_FILE = YES;
				IPHONEOS_DEPLOYMENT_TARGET = 16.4;
				MARKETING_VERSION = 1.0;
				PRODUCT_BUNDLE_IDENTIFIER = com.liquidityfinancial.avalanche.LiquidityFinancialTests;
				PRODUCT_NAME = "$(TARGET_NAME)";
				SWIFT_EMIT_LOC_STRINGS = NO;
				SWIFT_VERSION = 5.0;
				TARGETED_DEVICE_FAMILY = "1,2";
				TEST_HOST = "$(BUILT_PRODUCTS_DIR)/LiquidityFinancial.app/$(BUNDLE_EXECUTABLE_FOLDER_PATH)/LiquidityFinancial";
			};
			name = Debug;
		};
		A97BF7E52A5C602F00B8F5CA /* Release */ = {
			isa = XCBuildConfiguration;
			buildSettings = {
				ALWAYS_EMBED_SWIFT_STANDARD_LIBRARIES = YES;
				BUNDLE_LOADER = "$(TEST_HOST)";
				CODE_SIGN_STYLE = Automatic;
				CURRENT_PROJECT_VERSION = 1;
				DEVELOPMENT_TEAM = TX9PJZUNWS;
				GENERATE_INFOPLIST_FILE = YES;
				IPHONEOS_DEPLOYMENT_TARGET = 16.4;
				MARKETING_VERSION = 1.0;
				PRODUCT_BUNDLE_IDENTIFIER = com.liquidityfinancial.avalanche.LiquidityFinancialTests;
				PRODUCT_NAME = "$(TARGET_NAME)";
				SWIFT_EMIT_LOC_STRINGS = NO;
				SWIFT_VERSION = 5.0;
				TARGETED_DEVICE_FAMILY = "1,2";
				TEST_HOST = "$(BUILT_PRODUCTS_DIR)/LiquidityFinancial.app/$(BUNDLE_EXECUTABLE_FOLDER_PATH)/LiquidityFinancial";
			};
			name = Release;
		};
		A97BF7E72A5C602F00B8F5CA /* Debug */ = {
			isa = XCBuildConfiguration;
			buildSettings = {
				ALWAYS_EMBED_SWIFT_STANDARD_LIBRARIES = YES;
				CODE_SIGN_STYLE = Automatic;
				CURRENT_PROJECT_VERSION = 1;
				DEVELOPMENT_TEAM = TX9PJZUNWS;
				GENERATE_INFOPLIST_FILE = YES;
				MARKETING_VERSION = 1.0;
				PRODUCT_BUNDLE_IDENTIFIER = com.liquidityfinancial.avalanche.LiquidityFinancialUITests;
				PRODUCT_NAME = "$(TARGET_NAME)";
				SWIFT_EMIT_LOC_STRINGS = NO;
				SWIFT_VERSION = 5.0;
				TARGETED_DEVICE_FAMILY = "1,2";
				TEST_TARGET_NAME = LiquidityFinancial;
			};
			name = Debug;
		};
		A97BF7E82A5C602F00B8F5CA /* Release */ = {
			isa = XCBuildConfiguration;
			buildSettings = {
				ALWAYS_EMBED_SWIFT_STANDARD_LIBRARIES = YES;
				CODE_SIGN_STYLE = Automatic;
				CURRENT_PROJECT_VERSION = 1;
				DEVELOPMENT_TEAM = TX9PJZUNWS;
				GENERATE_INFOPLIST_FILE = YES;
				MARKETING_VERSION = 1.0;
				PRODUCT_BUNDLE_IDENTIFIER = com.liquidityfinancial.avalanche.LiquidityFinancialUITests;
				PRODUCT_NAME = "$(TARGET_NAME)";
				SWIFT_EMIT_LOC_STRINGS = NO;
				SWIFT_VERSION = 5.0;
				TARGETED_DEVICE_FAMILY = "1,2";
				TEST_TARGET_NAME = LiquidityFinancial;
			};
			name = Release;
		};
/* End XCBuildConfiguration section */

/* Begin XCConfigurationList section */
		A95354942A5E55B2008B0FAB /* Build configuration list for PBXNativeTarget "Cardano" */ = {
			isa = XCConfigurationList;
			buildConfigurations = (
				A95354952A5E55B2008B0FAB /* Debug */,
				A95354962A5E55B2008B0FAB /* Release */,
			);
			defaultConfigurationIsVisible = 0;
			defaultConfigurationName = Release;
		};
		A97BF7B72A5C602D00B8F5CA /* Build configuration list for PBXProject "LiquidityFinancial" */ = {
			isa = XCConfigurationList;
			buildConfigurations = (
				A97BF7DE2A5C602F00B8F5CA /* Debug */,
				A97BF7DF2A5C602F00B8F5CA /* Release */,
			);
			defaultConfigurationIsVisible = 0;
			defaultConfigurationName = Release;
		};
		A97BF7E02A5C602F00B8F5CA /* Build configuration list for PBXNativeTarget "Avalanche" */ = {
			isa = XCConfigurationList;
			buildConfigurations = (
				A97BF7E12A5C602F00B8F5CA /* Debug */,
				A97BF7E22A5C602F00B8F5CA /* Release */,
			);
			defaultConfigurationIsVisible = 0;
			defaultConfigurationName = Release;
		};
		A97BF7E32A5C602F00B8F5CA /* Build configuration list for PBXNativeTarget "LiquidityFinancialTests" */ = {
			isa = XCConfigurationList;
			buildConfigurations = (
				A97BF7E42A5C602F00B8F5CA /* Debug */,
				A97BF7E52A5C602F00B8F5CA /* Release */,
			);
			defaultConfigurationIsVisible = 0;
			defaultConfigurationName = Release;
		};
		A97BF7E62A5C602F00B8F5CA /* Build configuration list for PBXNativeTarget "LiquidityFinancialUITests" */ = {
			isa = XCConfigurationList;
			buildConfigurations = (
				A97BF7E72A5C602F00B8F5CA /* Debug */,
				A97BF7E82A5C602F00B8F5CA /* Release */,
			);
			defaultConfigurationIsVisible = 0;
			defaultConfigurationName = Release;
		};
/* End XCConfigurationList section */

/* Begin XCRemoteSwiftPackageReference section */
		0603BD6F2A71191B00347DB2 /* XCRemoteSwiftPackageReference "vgs-show-ios" */ = {
			isa = XCRemoteSwiftPackageReference;
			repositoryURL = "https://github.com/verygoodsecurity/vgs-show-ios.git";
			requirement = {
				kind = upToNextMajorVersion;
				minimumVersion = 1.0.0;
			};
		};
		06D40BFF2A62AE3700EADB75 /* XCRemoteSwiftPackageReference "iPhoneNumberField" */ = {
			isa = XCRemoteSwiftPackageReference;
			repositoryURL = "https://github.com/MojtabaHs/iPhoneNumberField.git";
			requirement = {
				kind = upToNextMajorVersion;
				minimumVersion = 0.10.1;
			};
		};
		749091152A6584C300071B41 /* XCRemoteSwiftPackageReference "smartystreets-ios-sdk" */ = {
			isa = XCRemoteSwiftPackageReference;
			repositoryURL = "https://github.com/smartystreets/smartystreets-ios-sdk";
			requirement = {
				kind = upToNextMajorVersion;
				minimumVersion = 8.0.0;
			};
		};
		A953547E2A5E55B2008B0FAB /* XCRemoteSwiftPackageReference "Factory" */ = {
			isa = XCRemoteSwiftPackageReference;
			repositoryURL = "https://github.com/hmlongco/Factory";
			requirement = {
				kind = upToNextMinorVersion;
				minimumVersion = 2.2.0;
			};
		};
		A95354802A5E55B2008B0FAB /* XCRemoteSwiftPackageReference "lottie-ios" */ = {
			isa = XCRemoteSwiftPackageReference;
			repositoryURL = "https://github.com/airbnb/lottie-ios.git";
			requirement = {
				kind = upToNextMinorVersion;
				minimumVersion = 4.2.0;
			};
		};
		A97BF7E92A5D70C400B8F5CA /* XCRemoteSwiftPackageReference "Factory" */ = {
			isa = XCRemoteSwiftPackageReference;
			repositoryURL = "https://github.com/hmlongco/Factory";
			requirement = {
				kind = upToNextMinorVersion;
				minimumVersion = 2.2.0;
			};
		};
		A97BF7EC2A5D719000B8F5CA /* XCRemoteSwiftPackageReference "lottie-ios" */ = {
			isa = XCRemoteSwiftPackageReference;
			repositoryURL = "https://github.com/airbnb/lottie-ios.git";
			requirement = {
				kind = upToNextMinorVersion;
				minimumVersion = 4.2.0;
			};
		};
		A9E6B1CD2A5DD1A2008ED988 /* XCRemoteSwiftPackageReference "SwiftGenPlugin" */ = {
			isa = XCRemoteSwiftPackageReference;
			repositoryURL = "https://github.com/SwiftGen/SwiftGenPlugin";
			requirement = {
				kind = upToNextMinorVersion;
				minimumVersion = 6.6.0;
			};
		};
/* End XCRemoteSwiftPackageReference section */

/* Begin XCSwiftPackageProductDependency section */
		0603BD702A71191B00347DB2 /* VGSShowSDK */ = {
			isa = XCSwiftPackageProductDependency;
			package = 0603BD6F2A71191B00347DB2 /* XCRemoteSwiftPackageReference "vgs-show-ios" */;
			productName = VGSShowSDK;
		};
		06D40C002A62AE3700EADB75 /* iPhoneNumberField */ = {
			isa = XCSwiftPackageProductDependency;
			package = 06D40BFF2A62AE3700EADB75 /* XCRemoteSwiftPackageReference "iPhoneNumberField" */;
			productName = iPhoneNumberField;
		};
		06EBE2022A693C7800157B32 /* LFDashboard */ = {
			isa = XCSwiftPackageProductDependency;
			productName = LFDashboard;
		};
		06EBE2042A693C8100157B32 /* LFDashboard */ = {
			isa = XCSwiftPackageProductDependency;
			productName = LFDashboard;
		};
		749091162A6584C300071B41 /* SmartyStreets */ = {
			isa = XCSwiftPackageProductDependency;
			package = 749091152A6584C300071B41 /* XCRemoteSwiftPackageReference "smartystreets-ios-sdk" */;
			productName = SmartyStreets;
		};
		A938373B2A63BAAC009EB1DE /* LFUtilities */ = {
			isa = XCSwiftPackageProductDependency;
			productName = LFUtilities;
		};
		A94F71ED2A610E65002ADB34 /* LFAccountOnboarding */ = {
			isa = XCSwiftPackageProductDependency;
			productName = LFAccountOnboarding;
		};
		A94F71EF2A610E9F002ADB34 /* CardanoAccountOnboarding */ = {
			isa = XCSwiftPackageProductDependency;
			productName = CardanoAccountOnboarding;
		};
		A94F71F12A612C62002ADB34 /* AvalancheAccountOnboarding */ = {
			isa = XCSwiftPackageProductDependency;
			productName = AvalancheAccountOnboarding;
		};
		A94F71F42A61CAC6002ADB34 /* LFLocalizable */ = {
			isa = XCSwiftPackageProductDependency;
			productName = LFLocalizable;
		};
		A94F71F62A61CACF002ADB34 /* LFLocalizable */ = {
			isa = XCSwiftPackageProductDependency;
			productName = LFLocalizable;
		};
		A94F71FE2A6266D0002ADB34 /* AuthorizationManager */ = {
			isa = XCSwiftPackageProductDependency;
			productName = AuthorizationManager;
		};
		A953545C2A5DD7F4008B0FAB /* LFStyleGuide */ = {
			isa = XCSwiftPackageProductDependency;
			productName = LFStyleGuide;
		};
		A953547D2A5E55B2008B0FAB /* Factory */ = {
			isa = XCSwiftPackageProductDependency;
			package = A953547E2A5E55B2008B0FAB /* XCRemoteSwiftPackageReference "Factory" */;
			productName = Factory;
		};
		A953547F2A5E55B2008B0FAB /* Lottie */ = {
			isa = XCSwiftPackageProductDependency;
			package = A95354802A5E55B2008B0FAB /* XCRemoteSwiftPackageReference "lottie-ios" */;
			productName = Lottie;
		};
		A95354832A5E55B2008B0FAB /* LFStyleGuide */ = {
			isa = XCSwiftPackageProductDependency;
			productName = LFStyleGuide;
		};
		A963D3FA2A67081D006B9A54 /* NetSpendData */ = {
			isa = XCSwiftPackageProductDependency;
			productName = NetSpendData;
		};
		A97BF7EA2A5D70C500B8F5CA /* Factory */ = {
			isa = XCSwiftPackageProductDependency;
			package = A97BF7E92A5D70C400B8F5CA /* XCRemoteSwiftPackageReference "Factory" */;
			productName = Factory;
		};
		A97BF7ED2A5D719000B8F5CA /* Lottie */ = {
			isa = XCSwiftPackageProductDependency;
			package = A97BF7EC2A5D719000B8F5CA /* XCRemoteSwiftPackageReference "lottie-ios" */;
			productName = Lottie;
		};
		A980DF6A2A5FA23D000B3C09 /* LFAccountOnboarding */ = {
			isa = XCSwiftPackageProductDependency;
			productName = LFAccountOnboarding;
		};
		A980DF6C2A5FA249000B3C09 /* OnboardingDomain */ = {
			isa = XCSwiftPackageProductDependency;
			productName = OnboardingDomain;
		};
		A980DF6E2A5FA252000B3C09 /* DataUtilities */ = {
			isa = XCSwiftPackageProductDependency;
			productName = DataUtilities;
		};
		A980DF702A5FA252000B3C09 /* OnboardingData */ = {
			isa = XCSwiftPackageProductDependency;
			productName = OnboardingData;
		};
		A980DF722A5FA25A000B3C09 /* LFNetwork */ = {
			isa = XCSwiftPackageProductDependency;
			productName = LFNetwork;
		};
		A980DF742A5FA265000B3C09 /* LFServices */ = {
			isa = XCSwiftPackageProductDependency;
			productName = LFServices;
		};
		A980DF762A5FA26E000B3C09 /* LFUtilities */ = {
			isa = XCSwiftPackageProductDependency;
			productName = LFUtilities;
		};
		A9B912DD2A6B876300ABD87B /* AuthorizationManager */ = {
			isa = XCSwiftPackageProductDependency;
			productName = AuthorizationManager;
		};
		A9B912DF2A6B876300ABD87B /* NetSpendData */ = {
			isa = XCSwiftPackageProductDependency;
			productName = NetSpendData;
		};
		A9B912E12A6B876300ABD87B /* OnboardingData */ = {
			isa = XCSwiftPackageProductDependency;
			productName = OnboardingData;
		};
		A9B912E32A6B876300ABD87B /* OnboardingDomain */ = {
			isa = XCSwiftPackageProductDependency;
			productName = OnboardingDomain;
		};
		A9B912E52A6B876300ABD87B /* LFNetwork */ = {
			isa = XCSwiftPackageProductDependency;
			productName = LFNetwork;
		};
		A9B912E72A6B876300ABD87B /* LFServices */ = {
			isa = XCSwiftPackageProductDependency;
			productName = LFServices;
		};
		A9B912E92A6B881100ABD87B /* DataUtilities */ = {
			isa = XCSwiftPackageProductDependency;
			productName = DataUtilities;
		};
		A9B912EB2A6B881100ABD87B /* iPhoneNumberField */ = {
			isa = XCSwiftPackageProductDependency;
			package = 06D40BFF2A62AE3700EADB75 /* XCRemoteSwiftPackageReference "iPhoneNumberField" */;
			productName = iPhoneNumberField;
		};
		A9B912ED2A6B881100ABD87B /* SmartyStreets */ = {
			isa = XCSwiftPackageProductDependency;
			package = 749091152A6584C300071B41 /* XCRemoteSwiftPackageReference "smartystreets-ios-sdk" */;
			productName = SmartyStreets;
		};
/* End XCSwiftPackageProductDependency section */
	};
	rootObject = A97BF7B42A5C602D00B8F5CA /* Project object */;
}
