{
  "pins" : [
    {
      "identity" : "factory",
      "kind" : "remoteSourceControl",
      "location" : "https://github.com/hmlongco/Factory",
      "state" : {
        "revision" : "061b3afe0358a0da7ce568f8272c847910be3dd7",
        "version" : "2.2.0"
      }
    },
    {
      "identity" : "iphonenumberfield",
      "kind" : "remoteSourceControl",
      "location" : "https://github.com/MojtabaHs/iPhoneNumberField.git",
      "state" : {
        "revision" : "5298972c899ba3555a77549bebeace2e16bc927d",
        "version" : "0.10.1"
      }
    },
    {
      "identity" : "lottie-ios",
      "kind" : "remoteSourceControl",
      "location" : "https://github.com/airbnb/lottie-ios.git",
      "state" : {
        "revision" : "d6feea26a370019b4d3a85f5984cb95a2734776f",
        "version" : "4.2.0"
      }
    },
    {
      "identity" : "phonenumberkit",
      "kind" : "remoteSourceControl",
      "location" : "https://github.com/marmelroy/PhoneNumberKit",
      "state" : {
        "revision" : "9bc965a326df8d5115f0b7bb77f09c542b8ec417",
        "version" : "3.6.6"
      }
    },
    {
      "identity" : "swiftgenplugin",
      "kind" : "remoteSourceControl",
      "location" : "https://github.com/SwiftGen/SwiftGenPlugin",
      "state" : {
        "revision" : "879b85a470cacd70c19e22eb7e11a3aed66f4068",
        "version" : "6.6.2"
      }
    },
    {
      "identity" : "swiftybeaver",
      "kind" : "remoteSourceControl",
      "location" : "https://github.com/SwiftyBeaver/SwiftyBeaver",
      "state" : {
        "revision" : "1080914828ef1c9ca9cd2bad50667b3d847dabff",
        "version" : "2.0.0"
      }
    }
  ],
  "version" : 2
}
